// !$*UTF8*$!
{
	archiveVersion = 1;
	classes = {
	};
	objectVersion = 55;
	objects = {

/* Begin PBXBuildFile section */
		7B38BB682799339B009A91B3 /* SettingsViewControlelrViewController.swift in Sources */ = {isa = PBXBuildFile; fileRef = 7B38BB672799339B009A91B3 /* SettingsViewControlelrViewController.swift */; };
		7BA25FD82793BF2400349683 /* AppDelegate.swift in Sources */ = {isa = PBXBuildFile; fileRef = 7BA25FD72793BF2400349683 /* AppDelegate.swift */; };
		7BA25FDA2793BF2400349683 /* SceneDelegate.swift in Sources */ = {isa = PBXBuildFile; fileRef = 7BA25FD92793BF2400349683 /* SceneDelegate.swift */; };
		7BA25FDC2793BF2400349683 /* ViewController.swift in Sources */ = {isa = PBXBuildFile; fileRef = 7BA25FDB2793BF2400349683 /* ViewController.swift */; };
		7BA25FDF2793BF2400349683 /* Main.storyboard in Resources */ = {isa = PBXBuildFile; fileRef = 7BA25FDD2793BF2400349683 /* Main.storyboard */; };
		7BA25FE12793BF2900349683 /* Assets.xcassets in Resources */ = {isa = PBXBuildFile; fileRef = 7BA25FE02793BF2900349683 /* Assets.xcassets */; };
		7BA25FE42793BF2900349683 /* LaunchScreen.storyboard in Resources */ = {isa = PBXBuildFile; fileRef = 7BA25FE22793BF2900349683 /* LaunchScreen.storyboard */; };
		7BA25FEF2793BF2900349683 /* CodePathPreWorkTests.swift in Sources */ = {isa = PBXBuildFile; fileRef = 7BA25FEE2793BF2900349683 /* CodePathPreWorkTests.swift */; };
		7BA25FF92793BF2900349683 /* CodePathPreWorkUITests.swift in Sources */ = {isa = PBXBuildFile; fileRef = 7BA25FF82793BF2900349683 /* CodePathPreWorkUITests.swift */; };
		7BA25FFB2793BF2900349683 /* CodePathPreWorkUITestsLaunchTests.swift in Sources */ = {isa = PBXBuildFile; fileRef = 7BA25FFA2793BF2900349683 /* CodePathPreWorkUITestsLaunchTests.swift */; };
/* End PBXBuildFile section */

/* Begin PBXContainerItemProxy section */
		7BA25FEB2793BF2900349683 /* PBXContainerItemProxy */ = {
			isa = PBXContainerItemProxy;
			containerPortal = 7BA25FCC2793BF2400349683 /* Project object */;
			proxyType = 1;
			remoteGlobalIDString = 7BA25FD32793BF2400349683;
			remoteInfo = CodePathPreWork;
		};
		7BA25FF52793BF2900349683 /* PBXContainerItemProxy */ = {
			isa = PBXContainerItemProxy;
			containerPortal = 7BA25FCC2793BF2400349683 /* Project object */;
			proxyType = 1;
			remoteGlobalIDString = 7BA25FD32793BF2400349683;
			remoteInfo = CodePathPreWork;
		};
/* End PBXContainerItemProxy section */

/* Begin PBXFileReference section */
		7B38BB672799339B009A91B3 /* SettingsViewControlelrViewController.swift */ = {isa = PBXFileReference; lastKnownFileType = sourcecode.swift; path = SettingsViewControlelrViewController.swift; sourceTree = "<group>"; };
		7BA25FD42793BF2400349683 /* CodePathPreWork.app */ = {isa = PBXFileReference; explicitFileType = wrapper.application; includeInIndex = 0; path = CodePathPreWork.app; sourceTree = BUILT_PRODUCTS_DIR; };
		7BA25FD72793BF2400349683 /* AppDelegate.swift */ = {isa = PBXFileReference; lastKnownFileType = sourcecode.swift; path = AppDelegate.swift; sourceTree = "<group>"; };
		7BA25FD92793BF2400349683 /* SceneDelegate.swift */ = {isa = PBXFileReference; lastKnownFileType = sourcecode.swift; path = SceneDelegate.swift; sourceTree = "<group>"; };
		7BA25FDB2793BF2400349683 /* ViewController.swift */ = {isa = PBXFileReference; lastKnownFileType = sourcecode.swift; path = ViewController.swift; sourceTree = "<group>"; };
		7BA25FDE2793BF2400349683 /* Base */ = {isa = PBXFileReference; lastKnownFileType = file.storyboard; name = Base; path = Base.lproj/Main.storyboard; sourceTree = "<group>"; };
		7BA25FE02793BF2900349683 /* Assets.xcassets */ = {isa = PBXFileReference; lastKnownFileType = folder.assetcatalog; path = Assets.xcassets; sourceTree = "<group>"; };
		7BA25FE32793BF2900349683 /* Base */ = {isa = PBXFileReference; lastKnownFileType = file.storyboard; name = Base; path = Base.lproj/LaunchScreen.storyboard; sourceTree = "<group>"; };
		7BA25FE52793BF2900349683 /* Info.plist */ = {isa = PBXFileReference; lastKnownFileType = text.plist.xml; path = Info.plist; sourceTree = "<group>"; };
		7BA25FEA2793BF2900349683 /* CodePathPreWorkTests.xctest */ = {isa = PBXFileReference; explicitFileType = wrapper.cfbundle; includeInIndex = 0; path = CodePathPreWorkTests.xctest; sourceTree = BUILT_PRODUCTS_DIR; };
		7BA25FEE2793BF2900349683 /* CodePathPreWorkTests.swift */ = {isa = PBXFileReference; lastKnownFileType = sourcecode.swift; path = CodePathPreWorkTests.swift; sourceTree = "<group>"; };
		7BA25FF42793BF2900349683 /* CodePathPreWorkUITests.xctest */ = {isa = PBXFileReference; explicitFileType = wrapper.cfbundle; includeInIndex = 0; path = CodePathPreWorkUITests.xctest; sourceTree = BUILT_PRODUCTS_DIR; };
		7BA25FF82793BF2900349683 /* CodePathPreWorkUITests.swift */ = {isa = PBXFileReference; lastKnownFileType = sourcecode.swift; path = CodePathPreWorkUITests.swift; sourceTree = "<group>"; };
		7BA25FFA2793BF2900349683 /* CodePathPreWorkUITestsLaunchTests.swift */ = {isa = PBXFileReference; lastKnownFileType = sourcecode.swift; path = CodePathPreWorkUITestsLaunchTests.swift; sourceTree = "<group>"; };
/* End PBXFileReference section */

/* Begin PBXFrameworksBuildPhase section */
		7BA25FD12793BF2400349683 /* Frameworks */ = {
			isa = PBXFrameworksBuildPhase;
			buildActionMask = 2147483647;
			files = (
			);
			runOnlyForDeploymentPostprocessing = 0;
		};
		7BA25FE72793BF2900349683 /* Frameworks */ = {
			isa = PBXFrameworksBuildPhase;
			buildActionMask = 2147483647;
			files = (
			);
			runOnlyForDeploymentPostprocessing = 0;
		};
		7BA25FF12793BF2900349683 /* Frameworks */ = {
			isa = PBXFrameworksBuildPhase;
			buildActionMask = 2147483647;
			files = (
			);
			runOnlyForDeploymentPostprocessing = 0;
		};
/* End PBXFrameworksBuildPhase section */

/* Begin PBXGroup section */
		7BA25FCB2793BF2400349683 = {
			isa = PBXGroup;
			children = (
				7B38BB672799339B009A91B3 /* SettingsViewControlelrViewController.swift */,
				7BA25FD62793BF2400349683 /* CodePathPreWork */,
				7BA25FED2793BF2900349683 /* CodePathPreWorkTests */,
				7BA25FF72793BF2900349683 /* CodePathPreWorkUITests */,
				7BA25FD52793BF2400349683 /* Products */,
			);
			sourceTree = "<group>";
		};
		7BA25FD52793BF2400349683 /* Products */ = {
			isa = PBXGroup;
			children = (
				7BA25FD42793BF2400349683 /* CodePathPreWork.app */,
				7BA25FEA2793BF2900349683 /* CodePathPreWorkTests.xctest */,
				7BA25FF42793BF2900349683 /* CodePathPreWorkUITests.xctest */,
			);
			name = Products;
			sourceTree = "<group>";
		};
		7BA25FD62793BF2400349683 /* CodePathPreWork */ = {
			isa = PBXGroup;
			children = (
				7BA25FD72793BF2400349683 /* AppDelegate.swift */,
				7BA25FD92793BF2400349683 /* SceneDelegate.swift */,
				7BA25FDB2793BF2400349683 /* ViewController.swift */,
				7BA25FDD2793BF2400349683 /* Main.storyboard */,
				7BA25FE02793BF2900349683 /* Assets.xcassets */,
				7BA25FE22793BF2900349683 /* LaunchScreen.storyboard */,
				7BA25FE52793BF2900349683 /* Info.plist */,
			);
			path = CodePathPreWork;
			sourceTree = "<group>";
		};
		7BA25FED2793BF2900349683 /* CodePathPreWorkTests */ = {
			isa = PBXGroup;
			children = (
				7BA25FEE2793BF2900349683 /* CodePathPreWorkTests.swift */,
			);
			path = CodePathPreWorkTests;
			sourceTree = "<group>";
		};
		7BA25FF72793BF2900349683 /* CodePathPreWorkUITests */ = {
			isa = PBXGroup;
			children = (
				7BA25FF82793BF2900349683 /* CodePathPreWorkUITests.swift */,
				7BA25FFA2793BF2900349683 /* CodePathPreWorkUITestsLaunchTests.swift */,
			);
			path = CodePathPreWorkUITests;
			sourceTree = "<group>";
		};
/* End PBXGroup section */

/* Begin PBXNativeTarget section */
		7BA25FD32793BF2400349683 /* CodePathPreWork */ = {
			isa = PBXNativeTarget;
			buildConfigurationList = 7BA25FFE2793BF2900349683 /* Build configuration list for PBXNativeTarget "CodePathPreWork" */;
			buildPhases = (
				7BA25FD02793BF2400349683 /* Sources */,
				7BA25FD12793BF2400349683 /* Frameworks */,
				7BA25FD22793BF2400349683 /* Resources */,
			);
			buildRules = (
			);
			dependencies = (
			);
			name = CodePathPreWork;
			productName = CodePathPreWork;
			productReference = 7BA25FD42793BF2400349683 /* CodePathPreWork.app */;
			productType = "com.apple.product-type.application";
		};
		7BA25FE92793BF2900349683 /* CodePathPreWorkTests */ = {
			isa = PBXNativeTarget;
			buildConfigurationList = 7BA260012793BF2900349683 /* Build configuration list for PBXNativeTarget "CodePathPreWorkTests" */;
			buildPhases = (
				7BA25FE62793BF2900349683 /* Sources */,
				7BA25FE72793BF2900349683 /* Frameworks */,
				7BA25FE82793BF2900349683 /* Resources */,
			);
			buildRules = (
			);
			dependencies = (
				7BA25FEC2793BF2900349683 /* PBXTargetDependency */,
			);
			name = CodePathPreWorkTests;
			productName = CodePathPreWorkTests;
			productReference = 7BA25FEA2793BF2900349683 /* CodePathPreWorkTests.xctest */;
			productType = "com.apple.product-type.bundle.unit-test";
		};
		7BA25FF32793BF2900349683 /* CodePathPreWorkUITests */ = {
			isa = PBXNativeTarget;
			buildConfigurationList = 7BA260042793BF2900349683 /* Build configuration list for PBXNativeTarget "CodePathPreWorkUITests" */;
			buildPhases = (
				7BA25FF02793BF2900349683 /* Sources */,
				7BA25FF12793BF2900349683 /* Frameworks */,
				7BA25FF22793BF2900349683 /* Resources */,
			);
			buildRules = (
			);
			dependencies = (
				7BA25FF62793BF2900349683 /* PBXTargetDependency */,
			);
			name = CodePathPreWorkUITests;
			productName = CodePathPreWorkUITests;
			productReference = 7BA25FF42793BF2900349683 /* CodePathPreWorkUITests.xctest */;
			productType = "com.apple.product-type.bundle.ui-testing";
		};
/* End PBXNativeTarget section */

/* Begin PBXProject section */
		7BA25FCC2793BF2400349683 /* Project object */ = {
			isa = PBXProject;
			attributes = {
				BuildIndependentTargetsInParallel = 1;
				LastSwiftUpdateCheck = 1310;
				LastUpgradeCheck = 1310;
				TargetAttributes = {
					7BA25FD32793BF2400349683 = {
						CreatedOnToolsVersion = 13.1;
					};
					7BA25FE92793BF2900349683 = {
						CreatedOnToolsVersion = 13.1;
						TestTargetID = 7BA25FD32793BF2400349683;
					};
					7BA25FF32793BF2900349683 = {
						CreatedOnToolsVersion = 13.1;
						TestTargetID = 7BA25FD32793BF2400349683;
					};
				};
			};
			buildConfigurationList = 7BA25FCF2793BF2400349683 /* Build configuration list for PBXProject "CodePathPreWork" */;
			compatibilityVersion = "Xcode 13.0";
			developmentRegion = en;
			hasScannedForEncodings = 0;
			knownRegions = (
				en,
				Base,
			);
			mainGroup = 7BA25FCB2793BF2400349683;
			productRefGroup = 7BA25FD52793BF2400349683 /* Products */;
			projectDirPath = "";
			projectRoot = "";
			targets = (
				7BA25FD32793BF2400349683 /* CodePathPreWork */,
				7BA25FE92793BF2900349683 /* CodePathPreWorkTests */,
				7BA25FF32793BF2900349683 /* CodePathPreWorkUITests */,
			);
		};
/* End PBXProject section */

/* Begin PBXResourcesBuildPhase section */
		7BA25FD22793BF2400349683 /* Resources */ = {
			isa = PBXResourcesBuildPhase;
			buildActionMask = 2147483647;
			files = (
				7BA25FE42793BF2900349683 /* LaunchScreen.storyboard in Resources */,
				7BA25FE12793BF2900349683 /* Assets.xcassets in Resources */,
				7BA25FDF2793BF2400349683 /* Main.storyboard in Resources */,
			);
			runOnlyForDeploymentPostprocessing = 0;
		};
		7BA25FE82793BF2900349683 /* Resources */ = {
			isa = PBXResourcesBuildPhase;
			buildActionMask = 2147483647;
			files = (
			);
			runOnlyForDeploymentPostprocessing = 0;
		};
		7BA25FF22793BF2900349683 /* Resources */ = {
			isa = PBXResourcesBuildPhase;
			buildActionMask = 2147483647;
			files = (
			);
			runOnlyForDeploymentPostprocessing = 0;
		};
/* End PBXResourcesBuildPhase section */

/* Begin PBXSourcesBuildPhase section */
		7BA25FD02793BF2400349683 /* Sources */ = {
			isa = PBXSourcesBuildPhase;
			buildActionMask = 2147483647;
			files = (
				7B38BB682799339B009A91B3 /* SettingsViewControlelrViewController.swift in Sources */,
				7BA25FDC2793BF2400349683 /* ViewController.swift in Sources */,
				7BA25FD82793BF2400349683 /* AppDelegate.swift in Sources */,
				7BA25FDA2793BF2400349683 /* SceneDelegate.swift in Sources */,
			);
			runOnlyForDeploymentPostprocessing = 0;
		};
		7BA25FE62793BF2900349683 /* Sources */ = {
			isa = PBXSourcesBuildPhase;
			buildActionMask = 2147483647;
			files = (
				7BA25FEF2793BF2900349683 /* CodePathPreWorkTests.swift in Sources */,
			);
			runOnlyForDeploymentPostprocessing = 0;
		};
		7BA25FF02793BF2900349683 /* Sources */ = {
			isa = PBXSourcesBuildPhase;
			buildActionMask = 2147483647;
			files = (
				7BA25FF92793BF2900349683 /* CodePathPreWorkUITests.swift in Sources */,
				7BA25FFB2793BF2900349683 /* CodePathPreWorkUITestsLaunchTests.swift in Sources */,
			);
			runOnlyForDeploymentPostprocessing = 0;
		};
/* End PBXSourcesBuildPhase section */

/* Begin PBXTargetDependency section */
		7BA25FEC2793BF2900349683 /* PBXTargetDependency */ = {
			isa = PBXTargetDependency;
			target = 7BA25FD32793BF2400349683 /* CodePathPreWork */;
			targetProxy = 7BA25FEB2793BF2900349683 /* PBXContainerItemProxy */;
		};
		7BA25FF62793BF2900349683 /* PBXTargetDependency */ = {
			isa = PBXTargetDependency;
			target = 7BA25FD32793BF2400349683 /* CodePathPreWork */;
			targetProxy = 7BA25FF52793BF2900349683 /* PBXContainerItemProxy */;
		};
/* End PBXTargetDependency section */

/* Begin PBXVariantGroup section */
		7BA25FDD2793BF2400349683 /* Main.storyboard */ = {
			isa = PBXVariantGroup;
			children = (
				7BA25FDE2793BF2400349683 /* Base */,
			);
			name = Main.storyboard;
			sourceTree = "<group>";
		};
		7BA25FE22793BF2900349683 /* LaunchScreen.storyboard */ = {
			isa = PBXVariantGroup;
			children = (
				7BA25FE32793BF2900349683 /* Base */,
			);
			name = LaunchScreen.storyboard;
			sourceTree = "<group>";
		};
/* End PBXVariantGroup section */

/* Begin XCBuildConfiguration section */
		7BA25FFC2793BF2900349683 /* Debug */ = {
			isa = XCBuildConfiguration;
			buildSettings = {
				ALWAYS_SEARCH_USER_PATHS = NO;
				CLANG_ANALYZER_NONNULL = YES;
				CLANG_ANALYZER_NUMBER_OBJECT_CONVERSION = YES_AGGRESSIVE;
				CLANG_CXX_LANGUAGE_STANDARD = "gnu++17";
				CLANG_CXX_LIBRARY = "libc++";
				CLANG_ENABLE_MODULES = YES;
				CLANG_ENABLE_OBJC_ARC = YES;
				CLANG_ENABLE_OBJC_WEAK = YES;
				CLANG_WARN_BLOCK_CAPTURE_AUTORELEASING = YES;
				CLANG_WARN_BOOL_CONVERSION = YES;
				CLANG_WARN_COMMA = YES;
				CLANG_WARN_CONSTANT_CONVERSION = YES;
				CLANG_WARN_DEPRECATED_OBJC_IMPLEMENTATIONS = YES;
				CLANG_WARN_DIRECT_OBJC_ISA_USAGE = YES_ERROR;
				CLANG_WARN_DOCUMENTATION_COMMENTS = YES;
				CLANG_WARN_EMPTY_BODY = YES;
				CLANG_WARN_ENUM_CONVERSION = YES;
				CLANG_WARN_INFINITE_RECURSION = YES;
				CLANG_WARN_INT_CONVERSION = YES;
				CLANG_WARN_NON_LITERAL_NULL_CONVERSION = YES;
				CLANG_WARN_OBJC_IMPLICIT_RETAIN_SELF = YES;
				CLANG_WARN_OBJC_LITERAL_CONVERSION = YES;
				CLANG_WARN_OBJC_ROOT_CLASS = YES_ERROR;
				CLANG_WARN_QUOTED_INCLUDE_IN_FRAMEWORK_HEADER = YES;
				CLANG_WARN_RANGE_LOOP_ANALYSIS = YES;
				CLANG_WARN_STRICT_PROTOTYPES = YES;
				CLANG_WARN_SUSPICIOUS_MOVE = YES;
				CLANG_WARN_UNGUARDED_AVAILABILITY = YES_AGGRESSIVE;
				CLANG_WARN_UNREACHABLE_CODE = YES;
				CLANG_WARN__DUPLICATE_METHOD_MATCH = YES;
				COPY_PHASE_STRIP = NO;
				DEBUG_INFORMATION_FORMAT = dwarf;
				ENABLE_STRICT_OBJC_MSGSEND = YES;
				ENABLE_TESTABILITY = YES;
				GCC_C_LANGUAGE_STANDARD = gnu11;
				GCC_DYNAMIC_NO_PIC = NO;
				GCC_NO_COMMON_BLOCKS = YES;
				GCC_OPTIMIZATION_LEVEL = 0;
				GCC_PREPROCESSOR_DEFINITIONS = (
					"DEBUG=1",
					"$(inherited)",
				);
				GCC_WARN_64_TO_32_BIT_CONVERSION = YES;
				GCC_WARN_ABOUT_RETURN_TYPE = YES_ERROR;
				GCC_WARN_UNDECLARED_SELECTOR = YES;
				GCC_WARN_UNINITIALIZED_AUTOS = YES_AGGRESSIVE;
				GCC_WARN_UNUSED_FUNCTION = YES;
				GCC_WARN_UNUSED_VARIABLE = YES;
				IPHONEOS_DEPLOYMENT_TARGET = 15.0;
				MTL_ENABLE_DEBUG_INFO = INCLUDE_SOURCE;
				MTL_FAST_MATH = YES;
				ONLY_ACTIVE_ARCH = YES;
				SDKROOT = iphoneos;
				SWIFT_ACTIVE_COMPILATION_CONDITIONS = DEBUG;
				SWIFT_OPTIMIZATION_LEVEL = "-Onone";
			};
			name = Debug;
		};
		7BA25FFD2793BF2900349683 /* Release */ = {
			isa = XCBuildConfiguration;
			buildSettings = {
				ALWAYS_SEARCH_USER_PATHS = NO;
				CLANG_ANALYZER_NONNULL = YES;
				CLANG_ANALYZER_NUMBER_OBJECT_CONVERSION = YES_AGGRESSIVE;
				CLANG_CXX_LANGUAGE_STANDARD = "gnu++17";
				CLANG_CXX_LIBRARY = "libc++";
				CLANG_ENABLE_MODULES = YES;
				CLANG_ENABLE_OBJC_ARC = YES;
				CLANG_ENABLE_OBJC_WEAK = YES;
				CLANG_WARN_BLOCK_CAPTURE_AUTORELEASING = YES;
				CLANG_WARN_BOOL_CONVERSION = YES;
				CLANG_WARN_COMMA = YES;
				CLANG_WARN_CONSTANT_CONVERSION = YES;
				CLANG_WARN_DEPRECATED_OBJC_IMPLEMENTATIONS = YES;
				CLANG_WARN_DIRECT_OBJC_ISA_USAGE = YES_ERROR;
				CLANG_WARN_DOCUMENTATION_COMMENTS = YES;
				CLANG_WARN_EMPTY_BODY = YES;
				CLANG_WARN_ENUM_CONVERSION = YES;
				CLANG_WARN_INFINITE_RECURSION = YES;
				CLANG_WARN_INT_CONVERSION = YES;
				CLANG_WARN_NON_LITERAL_NULL_CONVERSION = YES;
				CLANG_WARN_OBJC_IMPLICIT_RETAIN_SELF = YES;
				CLANG_WARN_OBJC_LITERAL_CONVERSION = YES;
				CLANG_WARN_OBJC_ROOT_CLASS = YES_ERROR;
				CLANG_WARN_QUOTED_INCLUDE_IN_FRAMEWORK_HEADER = YES;
				CLANG_WARN_RANGE_LOOP_ANALYSIS = YES;
				CLANG_WARN_STRICT_PROTOTYPES = YES;
				CLANG_WARN_SUSPICIOUS_MOVE = YES;
				CLANG_WARN_UNGUARDED_AVAILABILITY = YES_AGGRESSIVE;
				CLANG_WARN_UNREACHABLE_CODE = YES;
				CLANG_WARN__DUPLICATE_METHOD_MATCH = YES;
				COPY_PHASE_STRIP = NO;
				DEBUG_INFORMATION_FORMAT = "dwarf-with-dsym";
				ENABLE_NS_ASSERTIONS = NO;
				ENABLE_STRICT_OBJC_MSGSEND = YES;
				GCC_C_LANGUAGE_STANDARD = gnu11;
				GCC_NO_COMMON_BLOCKS = YES;
				GCC_WARN_64_TO_32_BIT_CONVERSION = YES;
				GCC_WARN_ABOUT_RETURN_TYPE = YES_ERROR;
				GCC_WARN_UNDECLARED_SELECTOR = YES;
				GCC_WARN_UNINITIALIZED_AUTOS = YES_AGGRESSIVE;
				GCC_WARN_UNUSED_FUNCTION = YES;
				GCC_WARN_UNUSED_VARIABLE = YES;
				IPHONEOS_DEPLOYMENT_TARGET = 15.0;
				MTL_ENABLE_DEBUG_INFO = NO;
				MTL_FAST_MATH = YES;
				SDKROOT = iphoneos;
				SWIFT_COMPILATION_MODE = wholemodule;
				SWIFT_OPTIMIZATION_LEVEL = "-O";
				VALIDATE_PRODUCT = YES;
			};
			name = Release;
		};
		7BA25FFF2793BF2900349683 /* Debug */ = {
			isa = XCBuildConfiguration;
			buildSettings = {
				ASSETCATALOG_COMPILER_APPICON_NAME = AppIcon;
				ASSETCATALOG_COMPILER_GLOBAL_ACCENT_COLOR_NAME = AccentColor;
				CODE_SIGN_STYLE = Automatic;
				CURRENT_PROJECT_VERSION = 1;
				DEVELOPMENT_TEAM = 2S82SUBRC9;
				GENERATE_INFOPLIST_FILE = YES;
				INFOPLIST_FILE = CodePathPreWork/Info.plist;
				INFOPLIST_KEY_UIApplicationSupportsIndirectInputEvents = YES;
				INFOPLIST_KEY_UILaunchStoryboardName = LaunchScreen;
				INFOPLIST_KEY_UIMainStoryboardFile = Main;
				INFOPLIST_KEY_UISupportedInterfaceOrientations_iPad = "UIInterfaceOrientationPortrait UIInterfaceOrientationPortraitUpsideDown UIInterfaceOrientationLandscapeLeft UIInterfaceOrientationLandscapeRight";
				INFOPLIST_KEY_UISupportedInterfaceOrientations_iPhone = "UIInterfaceOrientationPortrait UIInterfaceOrientationLandscapeLeft UIInterfaceOrientationLandscapeRight";
				LD_RUNPATH_SEARCH_PATHS = (
					"$(inherited)",
					"@executable_path/Frameworks",
				);
				MARKETING_VERSION = 1.0;
				PRODUCT_BUNDLE_IDENTIFIER = jenniferzecena.CodePathPreWork;
				PRODUCT_NAME = "$(TARGET_NAME)";
				SWIFT_EMIT_LOC_STRINGS = YES;
				SWIFT_VERSION = 5.0;
				TARGETED_DEVICE_FAMILY = "1,2";
			};
			name = Debug;
		};
		7BA260002793BF2900349683 /* Release */ = {
			isa = XCBuildConfiguration;
			buildSettings = {
				ASSETCATALOG_COMPILER_APPICON_NAME = AppIcon;
				ASSETCATALOG_COMPILER_GLOBAL_ACCENT_COLOR_NAME = AccentColor;
				CODE_SIGN_STYLE = Automatic;
				CURRENT_PROJECT_VERSION = 1;
				DEVELOPMENT_TEAM = 2S82SUBRC9;
				GENERATE_INFOPLIST_FILE = YES;
				INFOPLIST_FILE = CodePathPreWork/Info.plist;
				INFOPLIST_KEY_UIApplicationSupportsIndirectInputEvents = YES;
				INFOPLIST_KEY_UILaunchStoryboardName = LaunchScreen;
				INFOPLIST_KEY_UIMainStoryboardFile = Main;
				INFOPLIST_KEY_UISupportedInterfaceOrientations_iPad = "UIInterfaceOrientationPortrait UIInterfaceOrientationPortraitUpsideDown UIInterfaceOrientationLandscapeLeft UIInterfaceOrientationLandscapeRight";
				INFOPLIST_KEY_UISupportedInterfaceOrientations_iPhone = "UIInterfaceOrientationPortrait UIInterfaceOrientationLandscapeLeft UIInterfaceOrientationLandscapeRight";
				LD_RUNPATH_SEARCH_PATHS = (
					"$(inherited)",
					"@executable_path/Frameworks",
				);
				MARKETING_VERSION = 1.0;
				PRODUCT_BUNDLE_IDENTIFIER = jenniferzecena.CodePathPreWork;
				PRODUCT_NAME = "$(TARGET_NAME)";
				SWIFT_EMIT_LOC_STRINGS = YES;
				SWIFT_VERSION = 5.0;
				TARGETED_DEVICE_FAMILY = "1,2";
			};
			name = Release;
		};
		7BA260022793BF2900349683 /* Debug */ = {
			isa = XCBuildConfiguration;
			buildSettings = {
				ALWAYS_EMBED_SWIFT_STANDARD_LIBRARIES = YES;
				BUNDLE_LOADER = "$(TEST_HOST)";
				CODE_SIGN_STYLE = Automatic;
				CURRENT_PROJECT_VERSION = 1;
				DEVELOPMENT_TEAM = 2S82SUBRC9;
				GENERATE_INFOPLIST_FILE = YES;
				IPHONEOS_DEPLOYMENT_TARGET = 15.0;
				LD_RUNPATH_SEARCH_PATHS = (
					"$(inherited)",
					"@executable_path/Frameworks",
					"@loader_path/Frameworks",
				);
				MARKETING_VERSION = 1.0;
				PRODUCT_BUNDLE_IDENTIFIER = jenniferzecena.CodePathPreWorkTests;
				PRODUCT_NAME = "$(TARGET_NAME)";
				SWIFT_EMIT_LOC_STRINGS = NO;
				SWIFT_VERSION = 5.0;
				TARGETED_DEVICE_FAMILY = "1,2";
				TEST_HOST = "$(BUILT_PRODUCTS_DIR)/CodePathPreWork.app/CodePathPreWork";
			};
			name = Debug;
		};
		7BA260032793BF2900349683 /* Release */ = {
			isa = XCBuildConfiguration;
			buildSettings = {
				ALWAYS_EMBED_SWIFT_STANDARD_LIBRARIES = YES;
				BUNDLE_LOADER = "$(TEST_HOST)";
				CODE_SIGN_STYLE = Automatic;
				CURRENT_PROJECT_VERSION = 1;
				DEVELOPMENT_TEAM = 2S82SUBRC9;
				GENERATE_INFOPLIST_FILE = YES;
				IPHONEOS_DEPLOYMENT_TARGET = 15.0;
				LD_RUNPATH_SEARCH_PATHS = (
					"$(inherited)",
					"@executable_path/Frameworks",
					"@loader_path/Frameworks",
				);
				MARKETING_VERSION = 1.0;
				PRODUCT_BUNDLE_IDENTIFIER = jenniferzecena.CodePathPreWorkTests;
				PRODUCT_NAME = "$(TARGET_NAME)";
				SWIFT_EMIT_LOC_STRINGS = NO;
				SWIFT_VERSION = 5.0;
				TARGETED_DEVICE_FAMILY = "1,2";
				TEST_HOST = "$(BUILT_PRODUCTS_DIR)/CodePathPreWork.app/CodePathPreWork";
			};
			name = Release;
		};
		7BA260052793BF2900349683 /* Debug */ = {
			isa = XCBuildConfiguration;
			buildSettings = {
				ALWAYS_EMBED_SWIFT_STANDARD_LIBRARIES = YES;
				CODE_SIGN_STYLE = Automatic;
				CURRENT_PROJECT_VERSION = 1;
				DEVELOPMENT_TEAM = 2S82SUBRC9;
				GENERATE_INFOPLIST_FILE = YES;
				LD_RUNPATH_SEARCH_PATHS = (
					"$(inherited)",
					"@executable_path/Frameworks",
					"@loader_path/Frameworks",
				);
				MARKETING_VERSION = 1.0;
				PRODUCT_BUNDLE_IDENTIFIER = jenniferzecena.CodePathPreWorkUITests;
				PRODUCT_NAME = "$(TARGET_NAME)";
				SWIFT_EMIT_LOC_STRINGS = NO;
				SWIFT_VERSION = 5.0;
				TARGETED_DEVICE_FAMILY = "1,2";
				TEST_TARGET_NAME = CodePathPreWork;
			};
			name = Debug;
		};
		7BA260062793BF2900349683 /* Release */ = {
			isa = XCBuildConfiguration;
			buildSettings = {
				ALWAYS_EMBED_SWIFT_STANDARD_LIBRARIES = YES;
				CODE_SIGN_STYLE = Automatic;
				CURRENT_PROJECT_VERSION = 1;
				DEVELOPMENT_TEAM = 2S82SUBRC9;
				GENERATE_INFOPLIST_FILE = YES;
				LD_RUNPATH_SEARCH_PATHS = (
					"$(inherited)",
					"@executable_path/Frameworks",
					"@loader_path/Frameworks",
				);
				MARKETING_VERSION = 1.0;
				PRODUCT_BUNDLE_IDENTIFIER = jenniferzecena.CodePathPreWorkUITests;
				PRODUCT_NAME = "$(TARGET_NAME)";
				SWIFT_EMIT_LOC_STRINGS = NO;
				SWIFT_VERSION = 5.0;
				TARGETED_DEVICE_FAMILY = "1,2";
				TEST_TARGET_NAME = CodePathPreWork;
			};
			name = Release;
		};
/* End XCBuildConfiguration section */

/* Begin XCConfigurationList section */
		7BA25FCF2793BF2400349683 /* Build configuration list for PBXProject "CodePathPreWork" */ = {
			isa = XCConfigurationList;
			buildConfigurations = (
				7BA25FFC2793BF2900349683 /* Debug */,
				7BA25FFD2793BF2900349683 /* Release */,
			);
			defaultConfigurationIsVisible = 0;
			defaultConfigurationName = Release;
		};
		7BA25FFE2793BF2900349683 /* Build configuration list for PBXNativeTarget "CodePathPreWork" */ = {
			isa = XCConfigurationList;
			buildConfigurations = (
				7BA25FFF2793BF2900349683 /* Debug */,
				7BA260002793BF2900349683 /* Release */,
			);
			defaultConfigurationIsVisible = 0;
			defaultConfigurationName = Release;
		};
		7BA260012793BF2900349683 /* Build configuration list for PBXNativeTarget "CodePathPreWorkTests" */ = {
			isa = XCConfigurationList;
			buildConfigurations = (
				7BA260022793BF2900349683 /* Debug */,
				7BA260032793BF2900349683 /* Release */,
			);
			defaultConfigurationIsVisible = 0;
			defaultConfigurationName = Release;
		};
		7BA260042793BF2900349683 /* Build configuration list for PBXNativeTarget "CodePathPreWorkUITests" */ = {
			isa = XCConfigurationList;
			buildConfigurations = (
				7BA260052793BF2900349683 /* Debug */,
				7BA260062793BF2900349683 /* Release */,
			);
			defaultConfigurationIsVisible = 0;
			defaultConfigurationName = Release;
		};
/* End XCConfigurationList section */
	};
	rootObject = 7BA25FCC2793BF2400349683 /* Project object */;
}
